
Microsoft Visual Studio Solution File, Format Version 12.00
# Visual Studio Version 16
VisualStudioVersion = 16.0.33927.289
MinimumVisualStudioVersion = 10.0.40219.1
Project("{2150E333-8FDC-42A3-9474-1A3956D46DE8}") = "Task0", "Task0", "{603C5F72-18EF-4A92-8724-C686DB82F7F4}"
EndProject
Project("{FAE04EC0-301F-11D3-BF4B-00C04F79EFBC}") = "Tyuiu.VarovaAA.Sprint1.Task0.V18", "Tyuiu.VarovaAA.Sprint1.Task0.V18\Tyuiu.VarovaAA.Sprint1.Task0.V18.csproj", "{49331C52-78DA-4B2F-B6B3-649DCCF32506}"
EndProject
Project("{FAE04EC0-301F-11D3-BF4B-00C04F79EFBC}") = "Tyuiu.VarovaAA.Sprint1.Task0.V18.Lib", "Tyuiu.VarovaAA.Sprint1.Task0.V18.Lib\Tyuiu.VarovaAA.Sprint1.Task0.V18.Lib.csproj", "{9D3D03AE-5EE9-410E-8906-8D8EC6BC6550}"
EndProject
Project("{FAE04EC0-301F-11D3-BF4B-00C04F79EFBC}") = "Tyuiu.VarovaAA.Sprint1.Task0.V18.Test", "Tyuiu.VarovaAA.Sprint1.Task0.V18.Test\Tyuiu.VarovaAA.Sprint1.Task0.V18.Test.csproj", "{27CC97C1-3342-4E82-BA94-930B15B3FB07}"
EndProject
Project("{2150E333-8FDC-42A3-9474-1A3956D46DE8}") = "Task1", "Task1", "{A3A0DE44-FBD9-4AFA-8C7D-414767526564}"
EndProject
Project("{FAE04EC0-301F-11D3-BF4B-00C04F79EFBC}") = "Tyuiu.VarovaAA.Sprint1.Task1.V19", "Tyuiu.VarovaAA.Sprint1.Task1.V19\Tyuiu.VarovaAA.Sprint1.Task1.V19.csproj", "{10B1196A-3CCF-4A30-8559-E2E5A0C81A2C}"
EndProject
Project("{FAE04EC0-301F-11D3-BF4B-00C04F79EFBC}") = "Tyuiu.VarovaAA.Sprint1.Task1.V19.Lib", "Tyuiu.VarovaAA.Sprint1.Task1.V19.Lib\Tyuiu.VarovaAA.Sprint1.Task1.V19.Lib.csproj", "{A5191396-F725-468A-B885-84CC9ED5E8B6}"
EndProject
Project("{FAE04EC0-301F-11D3-BF4B-00C04F79EFBC}") = "Tyuiu.VarovaAA.Sprint1.Task1.V19.Test", "Tyuiu.VarovaAA.Sprint1.Task1.V19.Test\Tyuiu.VarovaAA.Sprint1.Task1.V19.Test.csproj", "{79A3C4AC-6DD2-4F2A-BF2A-D7DA2A471F07}"
EndProject
Project("{2150E333-8FDC-42A3-9474-1A3956D46DE8}") = "Task2", "Task2", "{44E2C316-4A7B-4FF4-BABE-5EEC3B89303A}"
EndProject
Project("{FAE04EC0-301F-11D3-BF4B-00C04F79EFBC}") = "Tyuiu.VarovaAA.Sprint1.Task2.V13", "Tyuiu.VarovaAA.Sprint1.Task2.V13\Tyuiu.VarovaAA.Sprint1.Task2.V13.csproj", "{A3D822F1-4BC7-49F2-BA66-DC761D408203}"
EndProject
Project("{FAE04EC0-301F-11D3-BF4B-00C04F79EFBC}") = "Tyuiu.VarovaAA.Sprint1.Task2.V13.Lib", "Tyuiu.VarovaAA.Sprint1.Task2.V13.Lib\Tyuiu.VarovaAA.Sprint1.Task2.V13.Lib.csproj", "{1BCFD023-044E-4BA0-82E4-BC5C7981EC3F}"
EndProject
Project("{FAE04EC0-301F-11D3-BF4B-00C04F79EFBC}") = "Tyuiu.VarovaAA.Sprint1.Task2.V13.Test", "Tyuiu.VarovaAA.Sprint1.Task2.V13.Test\Tyuiu.VarovaAA.Sprint1.Task2.V13.Test.csproj", "{9F1A6099-E376-45FE-A644-11587BEFBAF9}"
EndProject
Project("{2150E333-8FDC-42A3-9474-1A3956D46DE8}") = "Task3", "Task3", "{1D252F44-F05A-4697-A1BA-97449805743C}"
EndProject
Project("{FAE04EC0-301F-11D3-BF4B-00C04F79EFBC}") = "Tyuiu.VarovaAA.Sprint1.Task3.V12", "Tyuiu.VarovaAA.Sprint1.Task3.V12\Tyuiu.VarovaAA.Sprint1.Task3.V12.csproj", "{9EA23E22-9CB4-40F7-A0C4-70720D038C9B}"
EndProject
Project("{FAE04EC0-301F-11D3-BF4B-00C04F79EFBC}") = "Tyuiu.VarovaAA.Sprint1.Task3.V12.Lib", "Tyuiu.VarovaAA.Sprint1.Task3.V12.Lib\Tyuiu.VarovaAA.Sprint1.Task3.V12.Lib.csproj", "{0A3024F2-FDFC-40FF-9FBC-4AFCC5A569C6}"
EndProject
Project("{FAE04EC0-301F-11D3-BF4B-00C04F79EFBC}") = "Tyuiu.VarovaAA.Sprint1.Task3.V12.Test", "Tyuiu.VarovaAA.Sprint1.Task3.V12.Test\Tyuiu.VarovaAA.Sprint1.Task3.V12.Test.csproj", "{D4D149EF-2AAC-4E4A-90FC-DAAB0CF54F78}"
EndProject
Project("{2150E333-8FDC-42A3-9474-1A3956D46DE8}") = "Task4", "Task4", "{67ED37F2-8D53-4A71-9796-E51E4C14DFE6}"
EndProject
Project("{FAE04EC0-301F-11D3-BF4B-00C04F79EFBC}") = "Tyuiu.VarovaAA.Sprint1.Task4.V30", "Tyuiu.VarovaAA.Sprint1.Task4.V30\Tyuiu.VarovaAA.Sprint1.Task4.V30.csproj", "{2FD74AF4-A048-4AF0-B215-8D6280981A6E}"
EndProject
Project("{FAE04EC0-301F-11D3-BF4B-00C04F79EFBC}") = "Tyuiu.VarovaAA.Sprint1.Task4.V30.Lib", "Tyuiu.VarovaAA.Sprint1.Task4.V30.Lib\Tyuiu.VarovaAA.Sprint1.Task4.V30.Lib.csproj", "{501A7747-B049-483A-947E-7DD9FBF5F19C}"
EndProject
Project("{FAE04EC0-301F-11D3-BF4B-00C04F79EFBC}") = "Tyuiu.VarovaAA.Sprint1.Task4.V30.Test", "Tyuiu.VarovaAA.Sprint1.Task4.V30.Test\Tyuiu.VarovaAA.Sprint1.Task4.V30.Test.csproj", "{8159E88C-D4B6-46B9-9CC3-C5C57B1299A2}"
EndProject
Project("{2150E333-8FDC-42A3-9474-1A3956D46DE8}") = "Task5", "Task5", "{0673091A-7D92-44C8-8286-DB80A58D6C28}"
EndProject
Project("{FAE04EC0-301F-11D3-BF4B-00C04F79EFBC}") = "Tyuiu.VarovaAA.Sprint1.Task5.V7", "Tyuiu.VarovaAA.Sprint1.Task5.V7\Tyuiu.VarovaAA.Sprint1.Task5.V7.csproj", "{48559E25-E218-4896-BA9E-B4D8E6DB1551}"
EndProject
Project("{FAE04EC0-301F-11D3-BF4B-00C04F79EFBC}") = "Tyuiu.VarovaAA.Sprint1.Task5.V7.Lib", "Tyuiu.VarovaAA.Sprint1.Task5.V7.Lib\Tyuiu.VarovaAA.Sprint1.Task5.V7.Lib.csproj", "{7136E491-571D-489F-840A-EE704A7DEC7A}"
EndProject
Project("{FAE04EC0-301F-11D3-BF4B-00C04F79EFBC}") = "Tyuiu.VarovaAA.Sprint1.Task5.V7.Test", "Tyuiu.VarovaAA.Sprint1.Task5.V7.Test\Tyuiu.VarovaAA.Sprint1.Task5.V7.Test.csproj", "{45307882-848D-4CCD-978F-E72CAE6A0DD1}"
EndProject
Project("{2150E333-8FDC-42A3-9474-1A3956D46DE8}") = "Task6", "Task6", "{2A4E1043-352A-4113-9AE7-E5D7CC7901DA}"
EndProject
Project("{FAE04EC0-301F-11D3-BF4B-00C04F79EFBC}") = "Tyuiu.VarovaAA.Sprint1.Task6.V10", "Tyuiu.VarovaAA.Sprint1.Task6.V10\Tyuiu.VarovaAA.Sprint1.Task6.V10.csproj", "{39EABFE6-FA27-4F91-8B5E-D7DA7596318C}"
EndProject
Project("{FAE04EC0-301F-11D3-BF4B-00C04F79EFBC}") = "Tyuiu.VarovaAA.Sprint1.Task6.V10.Lib", "Tyuiu.VarovaAA.Sprint1.Task6.V10.Lib\Tyuiu.VarovaAA.Sprint1.Task6.V10.Lib.csproj", "{31D81D1A-5F5F-4F61-AFED-4D68037C7E9F}"
EndProject
Project("{FAE04EC0-301F-11D3-BF4B-00C04F79EFBC}") = "Tyuiu.VarovaAA.Sprint1.Task6.V10.Test", "Tyuiu.VarovaAA.Sprint1.Task6.V10.Test\Tyuiu.VarovaAA.Sprint1.Task6.V10.Test.csproj", "{1CAC0C27-4819-4066-8A34-4FCE28EFF534}"
EndProject
Project("{2150E333-8FDC-42A3-9474-1A3956D46DE8}") = "Task7", "Task7", "{539B5270-0FBC-44D5-BAFE-754203A79E59}"
EndProject
Project("{FAE04EC0-301F-11D3-BF4B-00C04F79EFBC}") = "Tyuiu.VarovaAA.Sprint1.Task7.V22", "Tyuiu.VarovaAA.Sprint1.Task7.V22\Tyuiu.VarovaAA.Sprint1.Task7.V22.csproj", "{07B56781-B662-4640-A6C5-034DDD9C6243}"
EndProject
Project("{FAE04EC0-301F-11D3-BF4B-00C04F79EFBC}") = "Tyuiu.VarovaAA.Sprint1.Task7.V22.Lib", "Tyuiu.VarovaAA.Sprint1.Task7.V22.Lib\Tyuiu.VarovaAA.Sprint1.Task7.V22.Lib.csproj", "{71F0F007-4555-4934-A9CE-21CD93ABB254}"
EndProject
Project("{FAE04EC0-301F-11D3-BF4B-00C04F79EFBC}") = "Tyuiu.VarovaAA.Sprint1.Task7.V22.Test", "Tyuiu.VarovaAA.Sprint1.Task7.V22.Test\Tyuiu.VarovaAA.Sprint1.Task7.V22.Test.csproj", "{D3C323EA-D487-406C-B654-CB13991B1EBF}"
EndProject
Global
	GlobalSection(SolutionConfigurationPlatforms) = preSolution
		Debug|Any CPU = Debug|Any CPU
		Release|Any CPU = Release|Any CPU
	EndGlobalSection
	GlobalSection(ProjectConfigurationPlatforms) = postSolution
		{49331C52-78DA-4B2F-B6B3-649DCCF32506}.Debug|Any CPU.ActiveCfg = Debug|Any CPU
		{49331C52-78DA-4B2F-B6B3-649DCCF32506}.Debug|Any CPU.Build.0 = Debug|Any CPU
		{49331C52-78DA-4B2F-B6B3-649DCCF32506}.Release|Any CPU.ActiveCfg = Release|Any CPU
		{49331C52-78DA-4B2F-B6B3-649DCCF32506}.Release|Any CPU.Build.0 = Release|Any CPU
		{9D3D03AE-5EE9-410E-8906-8D8EC6BC6550}.Debug|Any CPU.ActiveCfg = Debug|Any CPU
		{9D3D03AE-5EE9-410E-8906-8D8EC6BC6550}.Debug|Any CPU.Build.0 = Debug|Any CPU
		{9D3D03AE-5EE9-410E-8906-8D8EC6BC6550}.Release|Any CPU.ActiveCfg = Release|Any CPU
		{9D3D03AE-5EE9-410E-8906-8D8EC6BC6550}.Release|Any CPU.Build.0 = Release|Any CPU
		{27CC97C1-3342-4E82-BA94-930B15B3FB07}.Debug|Any CPU.ActiveCfg = Debug|Any CPU
		{27CC97C1-3342-4E82-BA94-930B15B3FB07}.Debug|Any CPU.Build.0 = Debug|Any CPU
		{27CC97C1-3342-4E82-BA94-930B15B3FB07}.Release|Any CPU.ActiveCfg = Release|Any CPU
		{27CC97C1-3342-4E82-BA94-930B15B3FB07}.Release|Any CPU.Build.0 = Release|Any CPU
		{10B1196A-3CCF-4A30-8559-E2E5A0C81A2C}.Debug|Any CPU.ActiveCfg = Debug|Any CPU
		{10B1196A-3CCF-4A30-8559-E2E5A0C81A2C}.Debug|Any CPU.Build.0 = Debug|Any CPU
		{10B1196A-3CCF-4A30-8559-E2E5A0C81A2C}.Release|Any CPU.ActiveCfg = Release|Any CPU
		{10B1196A-3CCF-4A30-8559-E2E5A0C81A2C}.Release|Any CPU.Build.0 = Release|Any CPU
		{A5191396-F725-468A-B885-84CC9ED5E8B6}.Debug|Any CPU.ActiveCfg = Debug|Any CPU
		{A5191396-F725-468A-B885-84CC9ED5E8B6}.Debug|Any CPU.Build.0 = Debug|Any CPU
		{A5191396-F725-468A-B885-84CC9ED5E8B6}.Release|Any CPU.ActiveCfg = Release|Any CPU
		{A5191396-F725-468A-B885-84CC9ED5E8B6}.Release|Any CPU.Build.0 = Release|Any CPU
		{79A3C4AC-6DD2-4F2A-BF2A-D7DA2A471F07}.Debug|Any CPU.ActiveCfg = Debug|Any CPU
		{79A3C4AC-6DD2-4F2A-BF2A-D7DA2A471F07}.Debug|Any CPU.Build.0 = Debug|Any CPU
		{79A3C4AC-6DD2-4F2A-BF2A-D7DA2A471F07}.Release|Any CPU.ActiveCfg = Release|Any CPU
		{79A3C4AC-6DD2-4F2A-BF2A-D7DA2A471F07}.Release|Any CPU.Build.0 = Release|Any CPU
		{A3D822F1-4BC7-49F2-BA66-DC761D408203}.Debug|Any CPU.ActiveCfg = Debug|Any CPU
		{A3D822F1-4BC7-49F2-BA66-DC761D408203}.Debug|Any CPU.Build.0 = Debug|Any CPU
		{A3D822F1-4BC7-49F2-BA66-DC761D408203}.Release|Any CPU.ActiveCfg = Release|Any CPU
		{A3D822F1-4BC7-49F2-BA66-DC761D408203}.Release|Any CPU.Build.0 = Release|Any CPU
		{1BCFD023-044E-4BA0-82E4-BC5C7981EC3F}.Debug|Any CPU.ActiveCfg = Debug|Any CPU
		{1BCFD023-044E-4BA0-82E4-BC5C7981EC3F}.Debug|Any CPU.Build.0 = Debug|Any CPU
		{1BCFD023-044E-4BA0-82E4-BC5C7981EC3F}.Release|Any CPU.ActiveCfg = Release|Any CPU
		{1BCFD023-044E-4BA0-82E4-BC5C7981EC3F}.Release|Any CPU.Build.0 = Release|Any CPU
		{9F1A6099-E376-45FE-A644-11587BEFBAF9}.Debug|Any CPU.ActiveCfg = Debug|Any CPU
		{9F1A6099-E376-45FE-A644-11587BEFBAF9}.Debug|Any CPU.Build.0 = Debug|Any CPU
		{9F1A6099-E376-45FE-A644-11587BEFBAF9}.Release|Any CPU.ActiveCfg = Release|Any CPU
		{9F1A6099-E376-45FE-A644-11587BEFBAF9}.Release|Any CPU.Build.0 = Release|Any CPU
		{9EA23E22-9CB4-40F7-A0C4-70720D038C9B}.Debug|Any CPU.ActiveCfg = Debug|Any CPU
		{9EA23E22-9CB4-40F7-A0C4-70720D038C9B}.Debug|Any CPU.Build.0 = Debug|Any CPU
		{9EA23E22-9CB4-40F7-A0C4-70720D038C9B}.Release|Any CPU.ActiveCfg = Release|Any CPU
		{9EA23E22-9CB4-40F7-A0C4-70720D038C9B}.Release|Any CPU.Build.0 = Release|Any CPU
		{0A3024F2-FDFC-40FF-9FBC-4AFCC5A569C6}.Debug|Any CPU.ActiveCfg = Debug|Any CPU
		{0A3024F2-FDFC-40FF-9FBC-4AFCC5A569C6}.Debug|Any CPU.Build.0 = Debug|Any CPU
		{0A3024F2-FDFC-40FF-9FBC-4AFCC5A569C6}.Release|Any CPU.ActiveCfg = Release|Any CPU
		{0A3024F2-FDFC-40FF-9FBC-4AFCC5A569C6}.Release|Any CPU.Build.0 = Release|Any CPU
		{D4D149EF-2AAC-4E4A-90FC-DAAB0CF54F78}.Debug|Any CPU.ActiveCfg = Debug|Any CPU
		{D4D149EF-2AAC-4E4A-90FC-DAAB0CF54F78}.Debug|Any CPU.Build.0 = Debug|Any CPU
		{D4D149EF-2AAC-4E4A-90FC-DAAB0CF54F78}.Release|Any CPU.ActiveCfg = Release|Any CPU
		{D4D149EF-2AAC-4E4A-90FC-DAAB0CF54F78}.Release|Any CPU.Build.0 = Release|Any CPU
		{2FD74AF4-A048-4AF0-B215-8D6280981A6E}.Debug|Any CPU.ActiveCfg = Debug|Any CPU
		{2FD74AF4-A048-4AF0-B215-8D6280981A6E}.Debug|Any CPU.Build.0 = Debug|Any CPU
		{2FD74AF4-A048-4AF0-B215-8D6280981A6E}.Release|Any CPU.ActiveCfg = Release|Any CPU
		{2FD74AF4-A048-4AF0-B215-8D6280981A6E}.Release|Any CPU.Build.0 = Release|Any CPU
		{501A7747-B049-483A-947E-7DD9FBF5F19C}.Debug|Any CPU.ActiveCfg = Debug|Any CPU
		{501A7747-B049-483A-947E-7DD9FBF5F19C}.Debug|Any CPU.Build.0 = Debug|Any CPU
		{501A7747-B049-483A-947E-7DD9FBF5F19C}.Release|Any CPU.ActiveCfg = Release|Any CPU
		{501A7747-B049-483A-947E-7DD9FBF5F19C}.Release|Any CPU.Build.0 = Release|Any CPU
		{8159E88C-D4B6-46B9-9CC3-C5C57B1299A2}.Debug|Any CPU.ActiveCfg = Debug|Any CPU
		{8159E88C-D4B6-46B9-9CC3-C5C57B1299A2}.Debug|Any CPU.Build.0 = Debug|Any CPU
		{8159E88C-D4B6-46B9-9CC3-C5C57B1299A2}.Release|Any CPU.ActiveCfg = Release|Any CPU
		{8159E88C-D4B6-46B9-9CC3-C5C57B1299A2}.Release|Any CPU.Build.0 = Release|Any CPU
		{48559E25-E218-4896-BA9E-B4D8E6DB1551}.Debug|Any CPU.ActiveCfg = Debug|Any CPU
		{48559E25-E218-4896-BA9E-B4D8E6DB1551}.Debug|Any CPU.Build.0 = Debug|Any CPU
		{48559E25-E218-4896-BA9E-B4D8E6DB1551}.Release|Any CPU.ActiveCfg = Release|Any CPU
		{48559E25-E218-4896-BA9E-B4D8E6DB1551}.Release|Any CPU.Build.0 = Release|Any CPU
		{7136E491-571D-489F-840A-EE704A7DEC7A}.Debug|Any CPU.ActiveCfg = Debug|Any CPU
		{7136E491-571D-489F-840A-EE704A7DEC7A}.Debug|Any CPU.Build.0 = Debug|Any CPU
		{7136E491-571D-489F-840A-EE704A7DEC7A}.Release|Any CPU.ActiveCfg = Release|Any CPU
		{7136E491-571D-489F-840A-EE704A7DEC7A}.Release|Any CPU.Build.0 = Release|Any CPU
		{45307882-848D-4CCD-978F-E72CAE6A0DD1}.Debug|Any CPU.ActiveCfg = Debug|Any CPU
		{45307882-848D-4CCD-978F-E72CAE6A0DD1}.Debug|Any CPU.Build.0 = Debug|Any CPU
		{45307882-848D-4CCD-978F-E72CAE6A0DD1}.Release|Any CPU.ActiveCfg = Release|Any CPU
		{45307882-848D-4CCD-978F-E72CAE6A0DD1}.Release|Any CPU.Build.0 = Release|Any CPU
		{39EABFE6-FA27-4F91-8B5E-D7DA7596318C}.Debug|Any CPU.ActiveCfg = Debug|Any CPU
		{39EABFE6-FA27-4F91-8B5E-D7DA7596318C}.Debug|Any CPU.Build.0 = Debug|Any CPU
		{39EABFE6-FA27-4F91-8B5E-D7DA7596318C}.Release|Any CPU.ActiveCfg = Release|Any CPU
		{39EABFE6-FA27-4F91-8B5E-D7DA7596318C}.Release|Any CPU.Build.0 = Release|Any CPU
		{31D81D1A-5F5F-4F61-AFED-4D68037C7E9F}.Debug|Any CPU.ActiveCfg = Debug|Any CPU
		{31D81D1A-5F5F-4F61-AFED-4D68037C7E9F}.Debug|Any CPU.Build.0 = Debug|Any CPU
		{31D81D1A-5F5F-4F61-AFED-4D68037C7E9F}.Release|Any CPU.ActiveCfg = Release|Any CPU
		{31D81D1A-5F5F-4F61-AFED-4D68037C7E9F}.Release|Any CPU.Build.0 = Release|Any CPU
		{1CAC0C27-4819-4066-8A34-4FCE28EFF534}.Debug|Any CPU.ActiveCfg = Debug|Any CPU
		{1CAC0C27-4819-4066-8A34-4FCE28EFF534}.Debug|Any CPU.Build.0 = Debug|Any CPU
		{1CAC0C27-4819-4066-8A34-4FCE28EFF534}.Release|Any CPU.ActiveCfg = Release|Any CPU
		{1CAC0C27-4819-4066-8A34-4FCE28EFF534}.Release|Any CPU.Build.0 = Release|Any CPU
		{07B56781-B662-4640-A6C5-034DDD9C6243}.Debug|Any CPU.ActiveCfg = Debug|Any CPU
		{07B56781-B662-4640-A6C5-034DDD9C6243}.Debug|Any CPU.Build.0 = Debug|Any CPU
		{07B56781-B662-4640-A6C5-034DDD9C6243}.Release|Any CPU.ActiveCfg = Release|Any CPU
		{07B56781-B662-4640-A6C5-034DDD9C6243}.Release|Any CPU.Build.0 = Release|Any CPU
		{71F0F007-4555-4934-A9CE-21CD93ABB254}.Debug|Any CPU.ActiveCfg = Debug|Any CPU
		{71F0F007-4555-4934-A9CE-21CD93ABB254}.Debug|Any CPU.Build.0 = Debug|Any CPU
		{71F0F007-4555-4934-A9CE-21CD93ABB254}.Release|Any CPU.ActiveCfg = Release|Any CPU
		{71F0F007-4555-4934-A9CE-21CD93ABB254}.Release|Any CPU.Build.0 = Release|Any CPU
		{D3C323EA-D487-406C-B654-CB13991B1EBF}.Debug|Any CPU.ActiveCfg = Debug|Any CPU
		{D3C323EA-D487-406C-B654-CB13991B1EBF}.Debug|Any CPU.Build.0 = Debug|Any CPU
		{D3C323EA-D487-406C-B654-CB13991B1EBF}.Release|Any CPU.ActiveCfg = Release|Any CPU
		{D3C323EA-D487-406C-B654-CB13991B1EBF}.Release|Any CPU.Build.0 = Release|Any CPU
	EndGlobalSection
	GlobalSection(SolutionProperties) = preSolution
		HideSolutionNode = FALSE
	EndGlobalSection
	GlobalSection(NestedProjects) = preSolution
		{49331C52-78DA-4B2F-B6B3-649DCCF32506} = {603C5F72-18EF-4A92-8724-C686DB82F7F4}
		{9D3D03AE-5EE9-410E-8906-8D8EC6BC6550} = {603C5F72-18EF-4A92-8724-C686DB82F7F4}
		{27CC97C1-3342-4E82-BA94-930B15B3FB07} = {603C5F72-18EF-4A92-8724-C686DB82F7F4}
		{10B1196A-3CCF-4A30-8559-E2E5A0C81A2C} = {A3A0DE44-FBD9-4AFA-8C7D-414767526564}
		{A5191396-F725-468A-B885-84CC9ED5E8B6} = {A3A0DE44-FBD9-4AFA-8C7D-414767526564}
		{79A3C4AC-6DD2-4F2A-BF2A-D7DA2A471F07} = {A3A0DE44-FBD9-4AFA-8C7D-414767526564}
		{A3D822F1-4BC7-49F2-BA66-DC761D408203} = {44E2C316-4A7B-4FF4-BABE-5EEC3B89303A}
		{1BCFD023-044E-4BA0-82E4-BC5C7981EC3F} = {44E2C316-4A7B-4FF4-BABE-5EEC3B89303A}
		{9F1A6099-E376-45FE-A644-11587BEFBAF9} = {44E2C316-4A7B-4FF4-BABE-5EEC3B89303A}
		{9EA23E22-9CB4-40F7-A0C4-70720D038C9B} = {1D252F44-F05A-4697-A1BA-97449805743C}
		{0A3024F2-FDFC-40FF-9FBC-4AFCC5A569C6} = {1D252F44-F05A-4697-A1BA-97449805743C}
		{D4D149EF-2AAC-4E4A-90FC-DAAB0CF54F78} = {1D252F44-F05A-4697-A1BA-97449805743C}
		{2FD74AF4-A048-4AF0-B215-8D6280981A6E} = {67ED37F2-8D53-4A71-9796-E51E4C14DFE6}
		{501A7747-B049-483A-947E-7DD9FBF5F19C} = {67ED37F2-8D53-4A71-9796-E51E4C14DFE6}
		{8159E88C-D4B6-46B9-9CC3-C5C57B1299A2} = {67ED37F2-8D53-4A71-9796-E51E4C14DFE6}
		{48559E25-E218-4896-BA9E-B4D8E6DB1551} = {0673091A-7D92-44C8-8286-DB80A58D6C28}
		{7136E491-571D-489F-840A-EE704A7DEC7A} = {0673091A-7D92-44C8-8286-DB80A58D6C28}
		{45307882-848D-4CCD-978F-E72CAE6A0DD1} = {0673091A-7D92-44C8-8286-DB80A58D6C28}
		{39EABFE6-FA27-4F91-8B5E-D7DA7596318C} = {2A4E1043-352A-4113-9AE7-E5D7CC7901DA}
		{31D81D1A-5F5F-4F61-AFED-4D68037C7E9F} = {2A4E1043-352A-4113-9AE7-E5D7CC7901DA}
		{1CAC0C27-4819-4066-8A34-4FCE28EFF534} = {2A4E1043-352A-4113-9AE7-E5D7CC7901DA}
		{07B56781-B662-4640-A6C5-034DDD9C6243} = {539B5270-0FBC-44D5-BAFE-754203A79E59}
		{71F0F007-4555-4934-A9CE-21CD93ABB254} = {539B5270-0FBC-44D5-BAFE-754203A79E59}
		{D3C323EA-D487-406C-B654-CB13991B1EBF} = {539B5270-0FBC-44D5-BAFE-754203A79E59}
	EndGlobalSection
	GlobalSection(ExtensibilityGlobals) = postSolution
		SolutionGuid = {1D1CDCB8-BF1F-4D3E-8E63-F8D341D38328}
	EndGlobalSection
EndGlobal
